
Microsoft Visual Studio Solution File, Format Version 12.00
# Visual Studio Version 16
VisualStudioVersion = 25.0.1703.5
MinimumVisualStudioVersion = 10.0.40219.1
Project("{FAE04EC0-301F-11D3-BF4B-00C04F79EFBC}") = "CSharpBasics", "CSharpBasics\CSharpBasics.csproj", "{2B2D2ECB-37E5-4B15-88F2-EA06B24080BD}"
EndProject
Project("{FAE04EC0-301F-11D3-BF4B-00C04F79EFBC}") = "CSharpIntermidiate", "CSharpIntermidiate\CSharpIntermidiate.csproj", "{783C804D-BFFD-4F2A-B96C-039806A4A891}"
EndProject
Project("{FAE04EC0-301F-11D3-BF4B-00C04F79EFBC}") = "AmazonLib", "AmazonLib\AmazonLib.csproj", "{EE57E95F-8F82-45EA-B06B-FD1E3BF6B9E4}"
EndProject
Project("{FAE04EC0-301F-11D3-BF4B-00C04F79EFBC}") = "CSharpIntermidiate.UnitTest", "CSharpIntermidiate.UnitTest\CSharpIntermidiate.UnitTest.csproj", "{038F2B72-7561-4FD1-B69F-2567864AF0E1}"
EndProject
Project("{FAE04EC0-301F-11D3-BF4B-00C04F79EFBC}") = "CSharpAdvance", "CSharpAdvance\CSharpAdvance.csproj", "{848138E5-B055-455F-9DBC-9EE4DD494F42}"
EndProject
Global
	GlobalSection(SolutionConfigurationPlatforms) = preSolution
		Debug|Any CPU = Debug|Any CPU
		Release|Any CPU = Release|Any CPU
	EndGlobalSection
	GlobalSection(ProjectConfigurationPlatforms) = postSolution
		{2B2D2ECB-37E5-4B15-88F2-EA06B24080BD}.Debug|Any CPU.ActiveCfg = Debug|Any CPU
		{2B2D2ECB-37E5-4B15-88F2-EA06B24080BD}.Debug|Any CPU.Build.0 = Debug|Any CPU
		{2B2D2ECB-37E5-4B15-88F2-EA06B24080BD}.Release|Any CPU.ActiveCfg = Release|Any CPU
		{2B2D2ECB-37E5-4B15-88F2-EA06B24080BD}.Release|Any CPU.Build.0 = Release|Any CPU
		{783C804D-BFFD-4F2A-B96C-039806A4A891}.Debug|Any CPU.ActiveCfg = Debug|Any CPU
		{783C804D-BFFD-4F2A-B96C-039806A4A891}.Debug|Any CPU.Build.0 = Debug|Any CPU
		{783C804D-BFFD-4F2A-B96C-039806A4A891}.Release|Any CPU.ActiveCfg = Release|Any CPU
		{783C804D-BFFD-4F2A-B96C-039806A4A891}.Release|Any CPU.Build.0 = Release|Any CPU
		{EE57E95F-8F82-45EA-B06B-FD1E3BF6B9E4}.Debug|Any CPU.ActiveCfg = Debug|Any CPU
		{EE57E95F-8F82-45EA-B06B-FD1E3BF6B9E4}.Debug|Any CPU.Build.0 = Debug|Any CPU
		{EE57E95F-8F82-45EA-B06B-FD1E3BF6B9E4}.Release|Any CPU.ActiveCfg = Release|Any CPU
		{EE57E95F-8F82-45EA-B06B-FD1E3BF6B9E4}.Release|Any CPU.Build.0 = Release|Any CPU
		{038F2B72-7561-4FD1-B69F-2567864AF0E1}.Debug|Any CPU.ActiveCfg = Debug|Any CPU
		{038F2B72-7561-4FD1-B69F-2567864AF0E1}.Debug|Any CPU.Build.0 = Debug|Any CPU
		{038F2B72-7561-4FD1-B69F-2567864AF0E1}.Release|Any CPU.ActiveCfg = Release|Any CPU
		{038F2B72-7561-4FD1-B69F-2567864AF0E1}.Release|Any CPU.Build.0 = Release|Any CPU
		{848138E5-B055-455F-9DBC-9EE4DD494F42}.Debug|Any CPU.ActiveCfg = Debug|Any CPU
		{848138E5-B055-455F-9DBC-9EE4DD494F42}.Debug|Any CPU.Build.0 = Debug|Any CPU
		{848138E5-B055-455F-9DBC-9EE4DD494F42}.Release|Any CPU.ActiveCfg = Release|Any CPU
		{848138E5-B055-455F-9DBC-9EE4DD494F42}.Release|Any CPU.Build.0 = Release|Any CPU
	EndGlobalSection
	GlobalSection(SolutionProperties) = preSolution
		HideSolutionNode = FALSE
	EndGlobalSection
	GlobalSection(ExtensibilityGlobals) = postSolution
		SolutionGuid = {EF37F139-FF06-4213-BFAC-D2F2D0A7D5B3}
	EndGlobalSection
EndGlobal
